// !$*UTF8*$!
{
	archiveVersion = 1;
	classes = {
	};
	objectVersion = 55;
	objects = {

/* Begin PBXBuildFile section */
		D1363F8D278DFD590042B66B /* JuiceApp.swift in Sources */ = {isa = PBXBuildFile; fileRef = D1363F8C278DFD590042B66B /* JuiceApp.swift */; };
		D1363F8F278DFD590042B66B /* ContentView.swift in Sources */ = {isa = PBXBuildFile; fileRef = D1363F8E278DFD590042B66B /* ContentView.swift */; };
		D1363F91278DFD590042B66B /* Assets.xcassets in Resources */ = {isa = PBXBuildFile; fileRef = D1363F90278DFD590042B66B /* Assets.xcassets */; };
		D1363F94278DFD590042B66B /* Preview Assets.xcassets in Resources */ = {isa = PBXBuildFile; fileRef = D1363F93278DFD590042B66B /* Preview Assets.xcassets */; };
		D1363FA0278E07930042B66B /* IOKit.framework in Frameworks */ = {isa = PBXBuildFile; fileRef = D1363F9F278E07930042B66B /* IOKit.framework */; platformFilter = maccatalyst; };
		D1363FA2278E0FCA0042B66B /* Battery.swift in Sources */ = {isa = PBXBuildFile; fileRef = D1363FA1278E0FCA0042B66B /* Battery.swift */; };
		D1C04B7F278E93C9007E2833 /* PopupView.swift in Sources */ = {isa = PBXBuildFile; fileRef = D1C04B7E278E93C9007E2833 /* PopupView.swift */; };
/* End PBXBuildFile section */

/* Begin PBXFileReference section */
		D1363F89278DFD590042B66B /* Juice.app */ = {isa = PBXFileReference; explicitFileType = wrapper.application; includeInIndex = 0; path = Juice.app; sourceTree = BUILT_PRODUCTS_DIR; };
		D1363F8C278DFD590042B66B /* JuiceApp.swift */ = {isa = PBXFileReference; lastKnownFileType = sourcecode.swift; path = JuiceApp.swift; sourceTree = "<group>"; };
		D1363F8E278DFD590042B66B /* ContentView.swift */ = {isa = PBXFileReference; lastKnownFileType = sourcecode.swift; path = ContentView.swift; sourceTree = "<group>"; };
		D1363F90278DFD590042B66B /* Assets.xcassets */ = {isa = PBXFileReference; lastKnownFileType = folder.assetcatalog; path = Assets.xcassets; sourceTree = "<group>"; };
		D1363F93278DFD590042B66B /* Preview Assets.xcassets */ = {isa = PBXFileReference; lastKnownFileType = folder.assetcatalog; path = "Preview Assets.xcassets"; sourceTree = "<group>"; };
		D1363F95278DFD590042B66B /* Juice.entitlements */ = {isa = PBXFileReference; lastKnownFileType = text.plist.entitlements; path = Juice.entitlements; sourceTree = "<group>"; };
		D1363F9D278DFFE90042B66B /* Info.plist */ = {isa = PBXFileReference; lastKnownFileType = text.plist; path = Info.plist; sourceTree = "<group>"; };
		D1363F9F278E07930042B66B /* IOKit.framework */ = {isa = PBXFileReference; lastKnownFileType = wrapper.framework; name = IOKit.framework; path = System/Library/Frameworks/IOKit.framework; sourceTree = SDKROOT; };
		D1363FA1278E0FCA0042B66B /* Battery.swift */ = {isa = PBXFileReference; lastKnownFileType = sourcecode.swift; path = Battery.swift; sourceTree = "<group>"; };
		D1C04B7E278E93C9007E2833 /* PopupView.swift */ = {isa = PBXFileReference; lastKnownFileType = sourcecode.swift; path = PopupView.swift; sourceTree = "<group>"; };
/* End PBXFileReference section */

/* Begin PBXFrameworksBuildPhase section */
		D1363F86278DFD590042B66B /* Frameworks */ = {
			isa = PBXFrameworksBuildPhase;
			buildActionMask = 2147483647;
			files = (
				D1363FA0278E07930042B66B /* IOKit.framework in Frameworks */,
			);
			runOnlyForDeploymentPostprocessing = 0;
		};
/* End PBXFrameworksBuildPhase section */

/* Begin PBXGroup section */
		D1363F80278DFD580042B66B = {
			isa = PBXGroup;
			children = (
				D1363F8B278DFD590042B66B /* Juice */,
				D1363F8A278DFD590042B66B /* Products */,
				D1363F9E278E07930042B66B /* Frameworks */,
			);
			sourceTree = "<group>";
		};
		D1363F8A278DFD590042B66B /* Products */ = {
			isa = PBXGroup;
			children = (
				D1363F89278DFD590042B66B /* Juice.app */,
			);
			name = Products;
			sourceTree = "<group>";
		};
		D1363F8B278DFD590042B66B /* Juice */ = {
			isa = PBXGroup;
			children = (
				D1363F9D278DFFE90042B66B /* Info.plist */,
				D1363F8C278DFD590042B66B /* JuiceApp.swift */,
				D1363F8E278DFD590042B66B /* ContentView.swift */,
				D1C04B7E278E93C9007E2833 /* PopupView.swift */,
				D1363FA1278E0FCA0042B66B /* Battery.swift */,
				D1363F90278DFD590042B66B /* Assets.xcassets */,
				D1363F95278DFD590042B66B /* Juice.entitlements */,
				D1363F92278DFD590042B66B /* Preview Content */,
			);
			path = Juice;
			sourceTree = "<group>";
		};
		D1363F92278DFD590042B66B /* Preview Content */ = {
			isa = PBXGroup;
			children = (
				D1363F93278DFD590042B66B /* Preview Assets.xcassets */,
			);
			path = "Preview Content";
			sourceTree = "<group>";
		};
		D1363F9E278E07930042B66B /* Frameworks */ = {
			isa = PBXGroup;
			children = (
				D1363F9F278E07930042B66B /* IOKit.framework */,
			);
			name = Frameworks;
			sourceTree = "<group>";
		};
/* End PBXGroup section */

/* Begin PBXNativeTarget section */
		D1363F88278DFD590042B66B /* Juice */ = {
			isa = PBXNativeTarget;
			buildConfigurationList = D1363F98278DFD590042B66B /* Build configuration list for PBXNativeTarget "Juice" */;
			buildPhases = (
				D1363F85278DFD590042B66B /* Sources */,
				D1363F86278DFD590042B66B /* Frameworks */,
				D1363F87278DFD590042B66B /* Resources */,
			);
			buildRules = (
			);
			dependencies = (
			);
			name = Juice;
			productName = Juice;
			productReference = D1363F89278DFD590042B66B /* Juice.app */;
			productType = "com.apple.product-type.application";
		};
/* End PBXNativeTarget section */

/* Begin PBXProject section */
		D1363F81278DFD580042B66B /* Project object */ = {
			isa = PBXProject;
			attributes = {
				BuildIndependentTargetsInParallel = 1;
				LastSwiftUpdateCheck = 1320;
				LastUpgradeCheck = 1320;
				TargetAttributes = {
					D1363F88278DFD590042B66B = {
						CreatedOnToolsVersion = 13.2.1;
					};
				};
			};
			buildConfigurationList = D1363F84278DFD580042B66B /* Build configuration list for PBXProject "Juice" */;
			compatibilityVersion = "Xcode 13.0";
			developmentRegion = en;
			hasScannedForEncodings = 0;
			knownRegions = (
				en,
				Base,
			);
			mainGroup = D1363F80278DFD580042B66B;
			productRefGroup = D1363F8A278DFD590042B66B /* Products */;
			projectDirPath = "";
			projectRoot = "";
			targets = (
				D1363F88278DFD590042B66B /* Juice */,
			);
		};
/* End PBXProject section */

/* Begin PBXResourcesBuildPhase section */
		D1363F87278DFD590042B66B /* Resources */ = {
			isa = PBXResourcesBuildPhase;
			buildActionMask = 2147483647;
			files = (
				D1363F94278DFD590042B66B /* Preview Assets.xcassets in Resources */,
				D1363F91278DFD590042B66B /* Assets.xcassets in Resources */,
			);
			runOnlyForDeploymentPostprocessing = 0;
		};
/* End PBXResourcesBuildPhase section */

/* Begin PBXSourcesBuildPhase section */
		D1363F85278DFD590042B66B /* Sources */ = {
			isa = PBXSourcesBuildPhase;
			buildActionMask = 2147483647;
			files = (
				D1363F8F278DFD590042B66B /* ContentView.swift in Sources */,
				D1C04B7F278E93C9007E2833 /* PopupView.swift in Sources */,
				D1363F8D278DFD590042B66B /* JuiceApp.swift in Sources */,
				D1363FA2278E0FCA0042B66B /* Battery.swift in Sources */,
			);
			runOnlyForDeploymentPostprocessing = 0;
		};
/* End PBXSourcesBuildPhase section */

/* Begin XCBuildConfiguration section */
		D1363F96278DFD590042B66B /* Debug */ = {
			isa = XCBuildConfiguration;
			buildSettings = {
				ALWAYS_SEARCH_USER_PATHS = NO;
				CLANG_ANALYZER_NONNULL = YES;
				CLANG_ANALYZER_NUMBER_OBJECT_CONVERSION = YES_AGGRESSIVE;
				CLANG_CXX_LANGUAGE_STANDARD = "gnu++17";
				CLANG_CXX_LIBRARY = "libc++";
				CLANG_ENABLE_MODULES = YES;
				CLANG_ENABLE_OBJC_ARC = YES;
				CLANG_ENABLE_OBJC_WEAK = YES;
				CLANG_WARN_BLOCK_CAPTURE_AUTORELEASING = YES;
				CLANG_WARN_BOOL_CONVERSION = YES;
				CLANG_WARN_COMMA = YES;
				CLANG_WARN_CONSTANT_CONVERSION = YES;
				CLANG_WARN_DEPRECATED_OBJC_IMPLEMENTATIONS = YES;
				CLANG_WARN_DIRECT_OBJC_ISA_USAGE = YES_ERROR;
				CLANG_WARN_DOCUMENTATION_COMMENTS = YES;
				CLANG_WARN_EMPTY_BODY = YES;
				CLANG_WARN_ENUM_CONVERSION = YES;
				CLANG_WARN_INFINITE_RECURSION = YES;
				CLANG_WARN_INT_CONVERSION = YES;
				CLANG_WARN_NON_LITERAL_NULL_CONVERSION = YES;
				CLANG_WARN_OBJC_IMPLICIT_RETAIN_SELF = YES;
				CLANG_WARN_OBJC_LITERAL_CONVERSION = YES;
				CLANG_WARN_OBJC_ROOT_CLASS = YES_ERROR;
				CLANG_WARN_QUOTED_INCLUDE_IN_FRAMEWORK_HEADER = YES;
				CLANG_WARN_RANGE_LOOP_ANALYSIS = YES;
				CLANG_WARN_STRICT_PROTOTYPES = YES;
				CLANG_WARN_SUSPICIOUS_MOVE = YES;
				CLANG_WARN_UNGUARDED_AVAILABILITY = YES_AGGRESSIVE;
				CLANG_WARN_UNREACHABLE_CODE = YES;
				CLANG_WARN__DUPLICATE_METHOD_MATCH = YES;
				COPY_PHASE_STRIP = NO;
				DEBUG_INFORMATION_FORMAT = dwarf;
				ENABLE_STRICT_OBJC_MSGSEND = YES;
				ENABLE_TESTABILITY = YES;
				GCC_C_LANGUAGE_STANDARD = gnu11;
				GCC_DYNAMIC_NO_PIC = NO;
				GCC_NO_COMMON_BLOCKS = YES;
				GCC_OPTIMIZATION_LEVEL = 0;
				GCC_PREPROCESSOR_DEFINITIONS = (
					"DEBUG=1",
					"$(inherited)",
				);
				GCC_WARN_64_TO_32_BIT_CONVERSION = YES;
				GCC_WARN_ABOUT_RETURN_TYPE = YES_ERROR;
				GCC_WARN_UNDECLARED_SELECTOR = YES;
				GCC_WARN_UNINITIALIZED_AUTOS = YES_AGGRESSIVE;
				GCC_WARN_UNUSED_FUNCTION = YES;
				GCC_WARN_UNUSED_VARIABLE = YES;
				MACOSX_DEPLOYMENT_TARGET = 12.1;
				MTL_ENABLE_DEBUG_INFO = INCLUDE_SOURCE;
				MTL_FAST_MATH = YES;
				ONLY_ACTIVE_ARCH = YES;
				SDKROOT = macosx;
				SWIFT_ACTIVE_COMPILATION_CONDITIONS = DEBUG;
				SWIFT_OPTIMIZATION_LEVEL = "-Onone";
			};
			name = Debug;
		};
		D1363F97278DFD590042B66B /* Release */ = {
			isa = XCBuildConfiguration;
			buildSettings = {
				ALWAYS_SEARCH_USER_PATHS = NO;
				CLANG_ANALYZER_NONNULL = YES;
				CLANG_ANALYZER_NUMBER_OBJECT_CONVERSION = YES_AGGRESSIVE;
				CLANG_CXX_LANGUAGE_STANDARD = "gnu++17";
				CLANG_CXX_LIBRARY = "libc++";
				CLANG_ENABLE_MODULES = YES;
				CLANG_ENABLE_OBJC_ARC = YES;
				CLANG_ENABLE_OBJC_WEAK = YES;
				CLANG_WARN_BLOCK_CAPTURE_AUTORELEASING = YES;
				CLANG_WARN_BOOL_CONVERSION = YES;
				CLANG_WARN_COMMA = YES;
				CLANG_WARN_CONSTANT_CONVERSION = YES;
				CLANG_WARN_DEPRECATED_OBJC_IMPLEMENTATIONS = YES;
				CLANG_WARN_DIRECT_OBJC_ISA_USAGE = YES_ERROR;
				CLANG_WARN_DOCUMENTATION_COMMENTS = YES;
				CLANG_WARN_EMPTY_BODY = YES;
				CLANG_WARN_ENUM_CONVERSION = YES;
				CLANG_WARN_INFINITE_RECURSION = YES;
				CLANG_WARN_INT_CONVERSION = YES;
				CLANG_WARN_NON_LITERAL_NULL_CONVERSION = YES;
				CLANG_WARN_OBJC_IMPLICIT_RETAIN_SELF = YES;
				CLANG_WARN_OBJC_LITERAL_CONVERSION = YES;
				CLANG_WARN_OBJC_ROOT_CLASS = YES_ERROR;
				CLANG_WARN_QUOTED_INCLUDE_IN_FRAMEWORK_HEADER = YES;
				CLANG_WARN_RANGE_LOOP_ANALYSIS = YES;
				CLANG_WARN_STRICT_PROTOTYPES = YES;
				CLANG_WARN_SUSPICIOUS_MOVE = YES;
				CLANG_WARN_UNGUARDED_AVAILABILITY = YES_AGGRESSIVE;
				CLANG_WARN_UNREACHABLE_CODE = YES;
				CLANG_WARN__DUPLICATE_METHOD_MATCH = YES;
				COPY_PHASE_STRIP = NO;
				DEBUG_INFORMATION_FORMAT = "dwarf-with-dsym";
				ENABLE_NS_ASSERTIONS = NO;
				ENABLE_STRICT_OBJC_MSGSEND = YES;
				GCC_C_LANGUAGE_STANDARD = gnu11;
				GCC_NO_COMMON_BLOCKS = YES;
				GCC_WARN_64_TO_32_BIT_CONVERSION = YES;
				GCC_WARN_ABOUT_RETURN_TYPE = YES_ERROR;
				GCC_WARN_UNDECLARED_SELECTOR = YES;
				GCC_WARN_UNINITIALIZED_AUTOS = YES_AGGRESSIVE;
				GCC_WARN_UNUSED_FUNCTION = YES;
				GCC_WARN_UNUSED_VARIABLE = YES;
				MACOSX_DEPLOYMENT_TARGET = 12.1;
				MTL_ENABLE_DEBUG_INFO = NO;
				MTL_FAST_MATH = YES;
				SDKROOT = macosx;
				SWIFT_COMPILATION_MODE = wholemodule;
				SWIFT_OPTIMIZATION_LEVEL = "-O";
			};
			name = Release;
		};
		D1363F99278DFD590042B66B /* Debug */ = {
			isa = XCBuildConfiguration;
			buildSettings = {
				ASSETCATALOG_COMPILER_APPICON_NAME = AppIcon;
				ASSETCATALOG_COMPILER_GLOBAL_ACCENT_COLOR_NAME = AccentColor;
				CODE_SIGN_ENTITLEMENTS = Juice/Juice.entitlements;
				CODE_SIGN_STYLE = Automatic;
				COMBINE_HIDPI_IMAGES = YES;
				CURRENT_PROJECT_VERSION = 1;
				DEVELOPMENT_ASSET_PATHS = "\"Juice/Preview Content\"";
				DEVELOPMENT_TEAM = B588KWJBHP;
				ENABLE_HARDENED_RUNTIME = YES;
				ENABLE_PREVIEWS = YES;
				GENERATE_INFOPLIST_FILE = YES;
				INFOPLIST_FILE = Juice/Info.plist;
				INFOPLIST_KEY_NSHumanReadableCopyright = "";
				LD_RUNPATH_SEARCH_PATHS = (
					"$(inherited)",
					"@executable_path/../Frameworks",
				);
				MARKETING_VERSION = 1.0;
				PRODUCT_BUNDLE_IDENTIFIER = com.mattg.Juice;
				PRODUCT_NAME = "$(TARGET_NAME)";
				SWIFT_EMIT_LOC_STRINGS = YES;
				SWIFT_VERSION = 5.0;
			};
			name = Debug;
		};
		D1363F9A278DFD590042B66B /* Release */ = {
			isa = XCBuildConfiguration;
			buildSettings = {
				ASSETCATALOG_COMPILER_APPICON_NAME = AppIcon;
				ASSETCATALOG_COMPILER_GLOBAL_ACCENT_COLOR_NAME = AccentColor;
				CODE_SIGN_ENTITLEMENTS = Juice/Juice.entitlements;
				CODE_SIGN_STYLE = Automatic;
				COMBINE_HIDPI_IMAGES = YES;
				CURRENT_PROJECT_VERSION = 1;
				DEVELOPMENT_ASSET_PATHS = "\"Juice/Preview Content\"";
				DEVELOPMENT_TEAM = B588KWJBHP;
				ENABLE_HARDENED_RUNTIME = YES;
				ENABLE_PREVIEWS = YES;
				GENERATE_INFOPLIST_FILE = YES;
				INFOPLIST_FILE = Juice/Info.plist;
				INFOPLIST_KEY_NSHumanReadableCopyright = "";
				LD_RUNPATH_SEARCH_PATHS = (
					"$(inherited)",
					"@executable_path/../Frameworks",
				);
				MARKETING_VERSION = 1.0;
				PRODUCT_BUNDLE_IDENTIFIER = com.mattg.Juice;
				PRODUCT_NAME = "$(TARGET_NAME)";
				SWIFT_EMIT_LOC_STRINGS = YES;
				SWIFT_VERSION = 5.0;
			};
			name = Release;
		};
/* End XCBuildConfiguration section */

/* Begin XCConfigurationList section */
		D1363F84278DFD580042B66B /* Build configuration list for PBXProject "Juice" */ = {
			isa = XCConfigurationList;
			buildConfigurations = (
				D1363F96278DFD590042B66B /* Debug */,
				D1363F97278DFD590042B66B /* Release */,
			);
			defaultConfigurationIsVisible = 0;
			defaultConfigurationName = Release;
		};
		D1363F98278DFD590042B66B /* Build configuration list for PBXNativeTarget "Juice" */ = {
			isa = XCConfigurationList;
			buildConfigurations = (
				D1363F99278DFD590042B66B /* Debug */,
				D1363F9A278DFD590042B66B /* Release */,
			);
			defaultConfigurationIsVisible = 0;
			defaultConfigurationName = Release;
		};
/* End XCConfigurationList section */
	};
	rootObject = D1363F81278DFD580042B66B /* Project object */;
}
